
Microsoft Visual Studio Solution File, Format Version 12.00
# Visual Studio Version 17
VisualStudioVersion = 17.11.35431.28
MinimumVisualStudioVersion = 10.0.40219.1
Project("{9A19103F-16F7-4668-BE54-9A1E7A4F7556}") = "GenericApp.API", "GenericApp.API\GenericApp.API.csproj", "{15B148EA-996E-41B1-BDC2-A11C34F5E672}"
	ProjectSection(ProjectDependencies) = postProject
		{004728BE-B06B-4CBB-A3E1-15C44B0DA21F} = {004728BE-B06B-4CBB-A3E1-15C44B0DA21F}
	EndProjectSection
EndProject
Project("{FAE04EC0-301F-11D3-BF4B-00C04F79EFBC}") = "GenericApp.Data", "GenericApp.Data\GenericApp.Data.csproj", "{99CF2B40-2A77-4CE5-AA4C-ED02B08446EE}"
EndProject
Project("{FAE04EC0-301F-11D3-BF4B-00C04F79EFBC}") = "GenericApp.BLL", "GenericApp.BLL\GenericApp.BLL.csproj", "{004728BE-B06B-4CBB-A3E1-15C44B0DA21F}"
	ProjectSection(ProjectDependencies) = postProject
		{99CF2B40-2A77-4CE5-AA4C-ED02B08446EE} = {99CF2B40-2A77-4CE5-AA4C-ED02B08446EE}
	EndProjectSection
EndProject
Project("{54A90642-561A-4BB1-A94E-469ADEE60C69}") = "GenericApp.Web", "GenericApp.Web\GenericApp.Web.esproj", "{D37735A9-F68C-3F0D-7157-F73CC8C11764}"
EndProject
Global
	GlobalSection(SolutionConfigurationPlatforms) = preSolution
		Debug|Any CPU = Debug|Any CPU
		Release|Any CPU = Release|Any CPU
	EndGlobalSection
	GlobalSection(ProjectConfigurationPlatforms) = postSolution
		{15B148EA-996E-41B1-BDC2-A11C34F5E672}.Debug|Any CPU.ActiveCfg = Debug|Any CPU
		{15B148EA-996E-41B1-BDC2-A11C34F5E672}.Debug|Any CPU.Build.0 = Debug|Any CPU
		{15B148EA-996E-41B1-BDC2-A11C34F5E672}.Release|Any CPU.ActiveCfg = Release|Any CPU
		{15B148EA-996E-41B1-BDC2-A11C34F5E672}.Release|Any CPU.Build.0 = Release|Any CPU
		{99CF2B40-2A77-4CE5-AA4C-ED02B08446EE}.Debug|Any CPU.ActiveCfg = Debug|Any CPU
		{99CF2B40-2A77-4CE5-AA4C-ED02B08446EE}.Debug|Any CPU.Build.0 = Debug|Any CPU
		{99CF2B40-2A77-4CE5-AA4C-ED02B08446EE}.Release|Any CPU.ActiveCfg = Release|Any CPU
		{99CF2B40-2A77-4CE5-AA4C-ED02B08446EE}.Release|Any CPU.Build.0 = Release|Any CPU
		{004728BE-B06B-4CBB-A3E1-15C44B0DA21F}.Debug|Any CPU.ActiveCfg = Debug|Any CPU
		{004728BE-B06B-4CBB-A3E1-15C44B0DA21F}.Debug|Any CPU.Build.0 = Debug|Any CPU
		{004728BE-B06B-4CBB-A3E1-15C44B0DA21F}.Release|Any CPU.ActiveCfg = Release|Any CPU
		{004728BE-B06B-4CBB-A3E1-15C44B0DA21F}.Release|Any CPU.Build.0 = Release|Any CPU
		{D37735A9-F68C-3F0D-7157-F73CC8C11764}.Debug|Any CPU.ActiveCfg = Debug|Any CPU
		{D37735A9-F68C-3F0D-7157-F73CC8C11764}.Debug|Any CPU.Build.0 = Debug|Any CPU
		{D37735A9-F68C-3F0D-7157-F73CC8C11764}.Debug|Any CPU.Deploy.0 = Debug|Any CPU
		{D37735A9-F68C-3F0D-7157-F73CC8C11764}.Release|Any CPU.ActiveCfg = Release|Any CPU
		{D37735A9-F68C-3F0D-7157-F73CC8C11764}.Release|Any CPU.Build.0 = Release|Any CPU
		{D37735A9-F68C-3F0D-7157-F73CC8C11764}.Release|Any CPU.Deploy.0 = Release|Any CPU
	EndGlobalSection
	GlobalSection(SolutionProperties) = preSolution
		HideSolutionNode = FALSE
	EndGlobalSection
	GlobalSection(ExtensibilityGlobals) = postSolution
		SolutionGuid = {94E42DB8-9B8D-4ABF-8FB7-DE250E78F97D}
	EndGlobalSection
EndGlobal
